[root]
name = "offline"
version = "0.1.0"
dependencies = [
 "common 0.1.0",
 "nalgebra 0.11.1 (registry+https://github.com/rust-lang/crates.io-index)",
]

[[package]]
name = "alga"
version = "0.5.1"
source = "registry+https://github.com/rust-lang/crates.io-index"
dependencies = [
 "approx 0.1.1 (registry+https://github.com/rust-lang/crates.io-index)",
 "num-complex 0.1.36 (registry+https://github.com/rust-lang/crates.io-index)",
 "num-traits 0.1.37 (registry+https://github.com/rust-lang/crates.io-index)",
]

[[package]]
name = "approx"
version = "0.1.1"
source = "registry+https://github.com/rust-lang/crates.io-index"

[[package]]
name = "common"
version = "0.1.0"
dependencies = [
 "nalgebra 0.11.1 (registry+https://github.com/rust-lang/crates.io-index)",
 "serde 0.9.9 (registry+https://github.com/rust-lang/crates.io-index)",
 "serde_json 0.9.8 (registry+https://github.com/rust-lang/crates.io-index)",
]

[[package]]
name = "dtoa"
version = "0.4.1"
source = "registry+https://github.com/rust-lang/crates.io-index"

[[package]]
name = "generic-array"
version = "0.2.1"
source = "registry+https://github.com/rust-lang/crates.io-index"
dependencies = [
 "typenum 1.6.0 (registry+https://github.com/rust-lang/crates.io-index)",
]

[[package]]
name = "itoa"
version = "0.3.1"
source = "registry+https://github.com/rust-lang/crates.io-index"

[[package]]
name = "libc"
version = "0.2.20"
source = "registry+https://github.com/rust-lang/crates.io-index"

[[package]]
name = "nalgebra"
version = "0.11.1"
source = "registry+https://github.com/rust-lang/crates.io-index"
dependencies = [
 "alga 0.5.1 (registry+https://github.com/rust-lang/crates.io-index)",
 "approx 0.1.1 (registry+https://github.com/rust-lang/crates.io-index)",
 "generic-array 0.2.1 (registry+https://github.com/rust-lang/crates.io-index)",
 "num-complex 0.1.36 (registry+https://github.com/rust-lang/crates.io-index)",
 "num-traits 0.1.37 (registry+https://github.com/rust-lang/crates.io-index)",
 "rand 0.3.15 (registry+https://github.com/rust-lang/crates.io-index)",
 "typenum 1.6.0 (registry+https://github.com/rust-lang/crates.io-index)",
]

[[package]]
name = "num-complex"
version = "0.1.36"
source = "registry+https://github.com/rust-lang/crates.io-index"
dependencies = [
 "num-traits 0.1.37 (registry+https://github.com/rust-lang/crates.io-index)",
 "rustc-serialize 0.3.22 (registry+https://github.com/rust-lang/crates.io-index)",
]

[[package]]
name = "num-traits"
version = "0.1.37"
source = "registry+https://github.com/rust-lang/crates.io-index"

[[package]]
name = "rand"
version = "0.3.15"
source = "registry+https://github.com/rust-lang/crates.io-index"
dependencies = [
 "libc 0.2.20 (registry+https://github.com/rust-lang/crates.io-index)",
]

[[package]]
name = "rustc-serialize"
version = "0.3.22"
source = "registry+https://github.com/rust-lang/crates.io-index"

[[package]]
name = "serde"
version = "0.9.9"
source = "registry+https://github.com/rust-lang/crates.io-index"

[[package]]
name = "serde_json"
version = "0.9.8"
source = "registry+https://github.com/rust-lang/crates.io-index"
dependencies = [
 "dtoa 0.4.1 (registry+https://github.com/rust-lang/crates.io-index)",
 "itoa 0.3.1 (registry+https://github.com/rust-lang/crates.io-index)",
 "num-traits 0.1.37 (registry+https://github.com/rust-lang/crates.io-index)",
 "serde 0.9.9 (registry+https://github.com/rust-lang/crates.io-index)",
]

[[package]]
name = "typenum"
version = "1.6.0"
source = "registry+https://github.com/rust-lang/crates.io-index"

[metadata]
"checksum alga 0.5.1 (registry+https://github.com/rust-lang/crates.io-index)" = "ac1e4aec8a55e9150c6941e3c1059272b8e607c0503f9b61ca12289e56efb87b"
"checksum approx 0.1.1 (registry+https://github.com/rust-lang/crates.io-index)" = "08abcc3b4e9339e33a3d0a5ed15d84a687350c05689d825e0f6655eef9e76a94"
"checksum dtoa 0.4.1 (registry+https://github.com/rust-lang/crates.io-index)" = "80c8b71fd71146990a9742fc06dcbbde19161a267e0ad4e572c35162f4578c90"
"checksum generic-array 0.2.1 (registry+https://github.com/rust-lang/crates.io-index)" = "3406a3975bc944fdd85b7964d53296a0ff11f4b6c4704fa4972c9a7c8ba27367"
"checksum itoa 0.3.1 (registry+https://github.com/rust-lang/crates.io-index)" = "eb2f404fbc66fd9aac13e998248505e7ecb2ad8e44ab6388684c5fb11c6c251c"
"checksum libc 0.2.20 (registry+https://github.com/rust-lang/crates.io-index)" = "684f330624d8c3784fb9558ca46c4ce488073a8d22450415c5eb4f4cfb0d11b5"
"checksum nalgebra 0.11.1 (registry+https://github.com/rust-lang/crates.io-index)" = "251fbe561bebc590f8b4eff670f235bcaef905cbd71301dde3855283a572e2ff"
"checksum num-complex 0.1.36 (registry+https://github.com/rust-lang/crates.io-index)" = "3534898d8a1f6b16c12f9fc2f4eaabc7ecdcc55f267213caa8988fdc7d60ff94"
"checksum num-traits 0.1.37 (registry+https://github.com/rust-lang/crates.io-index)" = "e1cbfa3781f3fe73dc05321bed52a06d2d491eaa764c52335cf4399f046ece99"
"checksum rand 0.3.15 (registry+https://github.com/rust-lang/crates.io-index)" = "022e0636ec2519ddae48154b028864bdce4eaf7d35226ab8e65c611be97b189d"
"checksum rustc-serialize 0.3.22 (registry+https://github.com/rust-lang/crates.io-index)" = "237546c689f20bb44980270c73c3b9edd0891c1be49cc1274406134a66d3957b"
"checksum serde 0.9.9 (registry+https://github.com/rust-lang/crates.io-index)" = "05a67b8a53f885f4b6e3ed183806035819f9862474e747fe4488a6d63bcbfcb7"
"checksum serde_json 0.9.8 (registry+https://github.com/rust-lang/crates.io-index)" = "6501ac6f8b74f9b1033f7ddf79a08edfa0f58d6f8e3190cb8dc97736afa257a8"
"checksum typenum 1.6.0 (registry+https://github.com/rust-lang/crates.io-index)" = "67487cf4cca391384ecd9f42d786ea8334ca476b7030252e5175909c84bba9e2"
